
Microsoft Visual Studio Solution File, Format Version 12.00
# Visual Studio Version 17
VisualStudioVersion = 17.13.35919.96 d17.13
MinimumVisualStudioVersion = 10.0.40219.1
Project("{FAE04EC0-301F-11D3-BF4B-00C04F79EFBC}") = "Hotel", "Hotel\Hotel.csproj", "{8E333F4F-53E2-47C4-A51A-B0E46617FE92}"
EndProject
Global
	GlobalSection(SolutionConfigurationPlatforms) = preSolution
		Debug|Any CPU = Debug|Any CPU
		Release|Any CPU = Release|Any CPU
	EndGlobalSection
	GlobalSection(ProjectConfigurationPlatforms) = postSolution
		{8E333F4F-53E2-47C4-A51A-B0E46617FE92}.Debug|Any CPU.ActiveCfg = Debug|Any CPU
		{8E333F4F-53E2-47C4-A51A-B0E46617FE92}.Debug|Any CPU.Build.0 = Debug|Any CPU
		{8E333F4F-53E2-47C4-A51A-B0E46617FE92}.Release|Any CPU.ActiveCfg = Release|Any CPU
		{8E333F4F-53E2-47C4-A51A-B0E46617FE92}.Release|Any CPU.Build.0 = Release|Any CPU
	EndGlobalSection
	GlobalSection(SolutionProperties) = preSolution
		HideSolutionNode = FALSE
	EndGlobalSection
	GlobalSection(ExtensibilityGlobals) = postSolution
		SolutionGuid = {0794ADEE-C41D-489D-A2E9-CA0427F7D149}
	EndGlobalSection
EndGlobal
